
Microsoft Visual Studio Solution File, Format Version 12.00
# Visual Studio Version 16
VisualStudioVersion = 16.0.28803.156
MinimumVisualStudioVersion = 10.0.40219.1
Project("{FAE04EC0-301F-11D3-BF4B-00C04F79EFBC}") = "DllServico", "DllServico\DllServico\DllServico.csproj", "{C28EC882-F798-4235-9E58-5156631C1421}"
EndProject
Project("{FAE04EC0-301F-11D3-BF4B-00C04F79EFBC}") = "WebTeste", "WebTeste\WebTeste.csproj", "{C3B5043D-C76B-4BE4-809B-4E6D1C2408D1}"
EndProject
Global
	GlobalSection(SolutionConfigurationPlatforms) = preSolution
		Debug|Any CPU = Debug|Any CPU
		Release|Any CPU = Release|Any CPU
	EndGlobalSection
	GlobalSection(ProjectConfigurationPlatforms) = postSolution
		{C28EC882-F798-4235-9E58-5156631C1421}.Debug|Any CPU.ActiveCfg = Debug|Any CPU
		{C28EC882-F798-4235-9E58-5156631C1421}.Debug|Any CPU.Build.0 = Debug|Any CPU
		{C28EC882-F798-4235-9E58-5156631C1421}.Release|Any CPU.ActiveCfg = Release|Any CPU
		{C28EC882-F798-4235-9E58-5156631C1421}.Release|Any CPU.Build.0 = Release|Any CPU
		{C3B5043D-C76B-4BE4-809B-4E6D1C2408D1}.Debug|Any CPU.ActiveCfg = Debug|Any CPU
		{C3B5043D-C76B-4BE4-809B-4E6D1C2408D1}.Debug|Any CPU.Build.0 = Debug|Any CPU
		{C3B5043D-C76B-4BE4-809B-4E6D1C2408D1}.Release|Any CPU.ActiveCfg = Release|Any CPU
		{C3B5043D-C76B-4BE4-809B-4E6D1C2408D1}.Release|Any CPU.Build.0 = Release|Any CPU
	EndGlobalSection
	GlobalSection(SolutionProperties) = preSolution
		HideSolutionNode = FALSE
	EndGlobalSection
	GlobalSection(ExtensibilityGlobals) = postSolution
		SolutionGuid = {B5AED48A-2D1B-4543-A4B4-91B0B7094AE1}
	EndGlobalSection
EndGlobal
